
Microsoft Visual Studio Solution File, Format Version 12.00
# Visual Studio Version 17
VisualStudioVersion = 17.4.33213.308
MinimumVisualStudioVersion = 10.0.40219.1
Project("{F184B08F-C81C-45F6-A57F-5ABD9991F28F}") = "HRM", "HRM.vbproj", "{BAF89440-CF6B-4E0E-8CC5-417DAC151ED0}"
EndProject
Global
	GlobalSection(SolutionConfigurationPlatforms) = preSolution
		Debug|Any CPU = Debug|Any CPU
		Release|Any CPU = Release|Any CPU
	EndGlobalSection
	GlobalSection(ProjectConfigurationPlatforms) = postSolution
		{BAF89440-CF6B-4E0E-8CC5-417DAC151ED0}.Debug|Any CPU.ActiveCfg = Debug|Any CPU
		{BAF89440-CF6B-4E0E-8CC5-417DAC151ED0}.Debug|Any CPU.Build.0 = Debug|Any CPU
		{BAF89440-CF6B-4E0E-8CC5-417DAC151ED0}.Release|Any CPU.ActiveCfg = Release|Any CPU
		{BAF89440-CF6B-4E0E-8CC5-417DAC151ED0}.Release|Any CPU.Build.0 = Release|Any CPU
	EndGlobalSection
	GlobalSection(SolutionProperties) = preSolution
		HideSolutionNode = FALSE
	EndGlobalSection
	GlobalSection(ExtensibilityGlobals) = postSolution
		SolutionGuid = {EA5351A4-483D-40A0-853A-952C8B8C00AE}
	EndGlobalSection
EndGlobal
